
Microsoft Visual Studio Solution File, Format Version 12.00
# Visual Studio 15
VisualStudioVersion = 15.0.28307.271
MinimumVisualStudioVersion = 10.0.40219.1
Project("{FAE04EC0-301F-11D3-BF4B-00C04F79EFBC}") = "NET.INVENTCOMPUTERS.DOMAIN", "NET.INVENTCOMPUTERS.DOMAIN\NET.INVENTCOMPUTERS.DOMAIN.csproj", "{69CF6B12-2878-4A0E-A996-AA26578E5DC3}"
EndProject
Project("{FAE04EC0-301F-11D3-BF4B-00C04F79EFBC}") = "NET.INVENTCOMPUTERS.WEBAPI", "NET.INVENTCOMPUTERS.WEBAPI\NET.INVENTCOMPUTERS.WEBAPI.csproj", "{AD1C0FB7-39FB-4557-AC5A-45C3AD2C0DB9}"
EndProject
Global
	GlobalSection(SolutionConfigurationPlatforms) = preSolution
		Debug|Any CPU = Debug|Any CPU
		Release|Any CPU = Release|Any CPU
	EndGlobalSection
	GlobalSection(ProjectConfigurationPlatforms) = postSolution
		{69CF6B12-2878-4A0E-A996-AA26578E5DC3}.Debug|Any CPU.ActiveCfg = Debug|Any CPU
		{69CF6B12-2878-4A0E-A996-AA26578E5DC3}.Debug|Any CPU.Build.0 = Debug|Any CPU
		{69CF6B12-2878-4A0E-A996-AA26578E5DC3}.Release|Any CPU.ActiveCfg = Release|Any CPU
		{69CF6B12-2878-4A0E-A996-AA26578E5DC3}.Release|Any CPU.Build.0 = Release|Any CPU
		{AD1C0FB7-39FB-4557-AC5A-45C3AD2C0DB9}.Debug|Any CPU.ActiveCfg = Debug|Any CPU
		{AD1C0FB7-39FB-4557-AC5A-45C3AD2C0DB9}.Debug|Any CPU.Build.0 = Debug|Any CPU
		{AD1C0FB7-39FB-4557-AC5A-45C3AD2C0DB9}.Release|Any CPU.ActiveCfg = Release|Any CPU
		{AD1C0FB7-39FB-4557-AC5A-45C3AD2C0DB9}.Release|Any CPU.Build.0 = Release|Any CPU
	EndGlobalSection
	GlobalSection(SolutionProperties) = preSolution
		HideSolutionNode = FALSE
	EndGlobalSection
	GlobalSection(ExtensibilityGlobals) = postSolution
		SolutionGuid = {356FF8E2-D011-43BC-9575-9EF4F8DEF046}
	EndGlobalSection
EndGlobal
